
Microsoft Visual Studio Solution File, Format Version 12.00
# Visual Studio Version 17
VisualStudioVersion = 17.9.34902.65
MinimumVisualStudioVersion = 10.0.40219.1
Project("{FAE04EC0-301F-11D3-BF4B-00C04F79EFBC}") = "CreditCardApplications", "CreditCardApplications\CreditCardApplications.csproj", "{C16A039F-E89A-406E-AA29-EE761767B41D}"
EndProject
Project("{FAE04EC0-301F-11D3-BF4B-00C04F79EFBC}") = "CreditCardApplications.Tests", "CreditCardApplications.Tests\CreditCardApplications.Tests.csproj", "{A9D4598A-4497-4657-B4E1-E640341C96EB}"
EndProject
Global
	GlobalSection(SolutionConfigurationPlatforms) = preSolution
		Debug|Any CPU = Debug|Any CPU
		Release|Any CPU = Release|Any CPU
	EndGlobalSection
	GlobalSection(ProjectConfigurationPlatforms) = postSolution
		{C16A039F-E89A-406E-AA29-EE761767B41D}.Debug|Any CPU.ActiveCfg = Debug|Any CPU
		{C16A039F-E89A-406E-AA29-EE761767B41D}.Debug|Any CPU.Build.0 = Debug|Any CPU
		{C16A039F-E89A-406E-AA29-EE761767B41D}.Release|Any CPU.ActiveCfg = Release|Any CPU
		{C16A039F-E89A-406E-AA29-EE761767B41D}.Release|Any CPU.Build.0 = Release|Any CPU
		{A9D4598A-4497-4657-B4E1-E640341C96EB}.Debug|Any CPU.ActiveCfg = Debug|Any CPU
		{A9D4598A-4497-4657-B4E1-E640341C96EB}.Debug|Any CPU.Build.0 = Debug|Any CPU
		{A9D4598A-4497-4657-B4E1-E640341C96EB}.Release|Any CPU.ActiveCfg = Release|Any CPU
		{A9D4598A-4497-4657-B4E1-E640341C96EB}.Release|Any CPU.Build.0 = Release|Any CPU
	EndGlobalSection
	GlobalSection(SolutionProperties) = preSolution
		HideSolutionNode = FALSE
	EndGlobalSection
	GlobalSection(ExtensibilityGlobals) = postSolution
		SolutionGuid = {0AF0BA59-E710-4497-BB59-F95CE767F053}
	EndGlobalSection
EndGlobal
